
Microsoft Visual Studio Solution File, Format Version 12.00
# Visual Studio Version 17
VisualStudioVersion = 17.5.33530.505
MinimumVisualStudioVersion = 10.0.40219.1
Project("{9A19103F-16F7-4668-BE54-9A1E7A4F7556}") = "FasterDamages", "FasterDamages.csproj", "{A0CE63A1-BB4E-4FC7-B04F-9C7D14142202}"
EndProject
Global
	GlobalSection(SolutionConfigurationPlatforms) = preSolution
		Debug|Any CPU = Debug|Any CPU
		Release|Any CPU = Release|Any CPU
	EndGlobalSection
	GlobalSection(ProjectConfigurationPlatforms) = postSolution
		{A0CE63A1-BB4E-4FC7-B04F-9C7D14142202}.Debug|Any CPU.ActiveCfg = Debug|Any CPU
		{A0CE63A1-BB4E-4FC7-B04F-9C7D14142202}.Debug|Any CPU.Build.0 = Debug|Any CPU
		{A0CE63A1-BB4E-4FC7-B04F-9C7D14142202}.Release|Any CPU.ActiveCfg = Release|Any CPU
		{A0CE63A1-BB4E-4FC7-B04F-9C7D14142202}.Release|Any CPU.Build.0 = Release|Any CPU
	EndGlobalSection
	GlobalSection(SolutionProperties) = preSolution
		HideSolutionNode = FALSE
	EndGlobalSection
	GlobalSection(ExtensibilityGlobals) = postSolution
		SolutionGuid = {907064C0-ACFD-42E5-A381-7E8881162D50}
	EndGlobalSection
EndGlobal
