
Microsoft Visual Studio Solution File, Format Version 12.00
# Visual Studio Version 17
VisualStudioVersion = 17.5.33530.505
MinimumVisualStudioVersion = 10.0.40219.1
Project("{9A19103F-16F7-4668-BE54-9A1E7A4F7556}") = "ValksTweaks", "ValksTweaks.csproj", "{375E47BC-AC87-49CC-AA2B-6B392AFED338}"
EndProject
Global
	GlobalSection(SolutionConfigurationPlatforms) = preSolution
		Debug|Any CPU = Debug|Any CPU
		Release|Any CPU = Release|Any CPU
	EndGlobalSection
	GlobalSection(ProjectConfigurationPlatforms) = postSolution
		{375E47BC-AC87-49CC-AA2B-6B392AFED338}.Debug|Any CPU.ActiveCfg = Debug|Any CPU
		{375E47BC-AC87-49CC-AA2B-6B392AFED338}.Debug|Any CPU.Build.0 = Debug|Any CPU
		{375E47BC-AC87-49CC-AA2B-6B392AFED338}.Release|Any CPU.ActiveCfg = Release|Any CPU
		{375E47BC-AC87-49CC-AA2B-6B392AFED338}.Release|Any CPU.Build.0 = Release|Any CPU
	EndGlobalSection
	GlobalSection(SolutionProperties) = preSolution
		HideSolutionNode = FALSE
	EndGlobalSection
	GlobalSection(ExtensibilityGlobals) = postSolution
		SolutionGuid = {19BA2383-1244-4BEE-B2C5-2E07170E9AE6}
	EndGlobalSection
EndGlobal
